
Microsoft Visual Studio Solution File, Format Version 12.00
# Visual Studio Version 16
VisualStudioVersion = 16.0.31911.196
MinimumVisualStudioVersion = 10.0.40219.1
Project("{8BC9CEB8-8B4A-11D0-8D11-00A0C91BC942}") = "Lab11_CollectionClasses", "Lab11_CollectionClasses.vcxproj", "{ACB1467B-1DD3-4E20-9A38-D3DEEA38FC1C}"
EndProject
Global
	GlobalSection(SolutionConfigurationPlatforms) = preSolution
		Debug|x64 = Debug|x64
		Debug|x86 = Debug|x86
		Release|x64 = Release|x64
		Release|x86 = Release|x86
	EndGlobalSection
	GlobalSection(ProjectConfigurationPlatforms) = postSolution
		{ACB1467B-1DD3-4E20-9A38-D3DEEA38FC1C}.Debug|x64.ActiveCfg = Debug|x64
		{ACB1467B-1DD3-4E20-9A38-D3DEEA38FC1C}.Debug|x64.Build.0 = Debug|x64
		{ACB1467B-1DD3-4E20-9A38-D3DEEA38FC1C}.Debug|x86.ActiveCfg = Debug|Win32
		{ACB1467B-1DD3-4E20-9A38-D3DEEA38FC1C}.Debug|x86.Build.0 = Debug|Win32
		{ACB1467B-1DD3-4E20-9A38-D3DEEA38FC1C}.Release|x64.ActiveCfg = Release|x64
		{ACB1467B-1DD3-4E20-9A38-D3DEEA38FC1C}.Release|x64.Build.0 = Release|x64
		{ACB1467B-1DD3-4E20-9A38-D3DEEA38FC1C}.Release|x86.ActiveCfg = Release|Win32
		{ACB1467B-1DD3-4E20-9A38-D3DEEA38FC1C}.Release|x86.Build.0 = Release|Win32
	EndGlobalSection
	GlobalSection(SolutionProperties) = preSolution
		HideSolutionNode = FALSE
	EndGlobalSection
	GlobalSection(ExtensibilityGlobals) = postSolution
		SolutionGuid = {60143617-A540-4234-B656-FAABF57F3D1C}
	EndGlobalSection
EndGlobal
